# This is a Gradle generated file for dependency locking.
# Manual edits can break the build and are not advised.
# This file is expected to be part of source control.
ch.qos.logback:logback-classic:1.2.4
ch.qos.logback:logback-core:1.2.4
com.auth0:java-jwt:3.18.1
com.fasterxml.jackson.core:jackson-annotations:2.12.4
com.fasterxml.jackson.core:jackson-core:2.12.4
com.fasterxml.jackson.core:jackson-databind:2.12.4
com.fasterxml.jackson.dataformat:jackson-dataformat-xml:2.12.4
com.fasterxml.jackson.datatype:jackson-datatype-jdk8:2.12.4
com.fasterxml.jackson.datatype:jackson-datatype-jsr310:2.12.4
com.fasterxml.jackson.module:jackson-module-jaxb-annotations:2.12.4
com.fasterxml.jackson.module:jackson-module-parameter-names:2.12.4
com.fasterxml.jackson:jackson-bom:2.12.4
com.fasterxml.woodstox:woodstox-core:6.2.4
com.github.spotbugs:spotbugs-annotations:4.4.0
com.google.code.findbugs:jsr305:3.0.2
com.google.code.gson:gson:2.8.7
com.google.errorprone:error_prone_annotations:2.5.1
com.google.guava:failureaccess:1.0.1
com.google.guava:guava:30.1.1-jre
com.google.guava:listenablefuture:9999.0-empty-to-avoid-conflict-with-guava
com.google.j2objc:j2objc-annotations:1.3
com.mx.path.api.gateway:gateway:5.5.0
com.mx.path.api.lib:origination:0.1.0
com.mx.path.core:common:3.2.2
com.mx.path.core:utilities:0.1.0
com.mx.path.model:models:5.0.19
com.netflix.archaius:archaius-core:0.4.1
com.netflix.hystrix:hystrix-core:1.5.18
commons-configuration:commons-configuration:1.8
commons-lang:commons-lang:2.6
commons-logging:commons-logging:1.1.1
io.opentracing:opentracing-api:0.33.0
io.reactivex:rxjava:1.3.8
jakarta.activation:jakarta.activation-api:1.2.2
jakarta.annotation:jakarta.annotation-api:1.3.5
jakarta.xml.bind:jakarta.xml.bind-api:2.3.3
org.apache.commons:commons-lang3:3.12.0
org.apache.commons:commons-text:1.9
org.apache.logging.log4j:log4j-api:2.14.1
org.apache.logging.log4j:log4j-to-slf4j:2.14.1
org.apache.tomcat.embed:tomcat-embed-core:9.0.50
org.apache.tomcat.embed:tomcat-embed-el:9.0.50
org.apache.tomcat.embed:tomcat-embed-websocket:9.0.50
org.checkerframework:checker-qual:3.8.0
org.codehaus.woodstox:stax2-api:4.2.1
org.hdrhistogram:HdrHistogram:2.1.9
org.projectlombok:lombok:1.18.20
org.slf4j:jul-to-slf4j:1.7.32
org.slf4j:slf4j-api:1.7.32
org.snakeyaml:snakeyaml-engine:2.2.1
org.springframework.boot:spring-boot-autoconfigure:2.5.3
org.springframework.boot:spring-boot-starter-json:2.5.3
org.springframework.boot:spring-boot-starter-logging:2.5.3
org.springframework.boot:spring-boot-starter-tomcat:2.5.3
org.springframework.boot:spring-boot-starter-web:2.5.3
org.springframework.boot:spring-boot-starter:2.5.3
org.springframework.boot:spring-boot:2.5.3
org.springframework:spring-aop:5.3.9
org.springframework:spring-beans:5.3.9
org.springframework:spring-context:5.3.9
org.springframework:spring-core:5.3.9
org.springframework:spring-expression:5.3.9
org.springframework:spring-jcl:5.3.9
org.springframework:spring-web:5.3.9
org.springframework:spring-webmvc:5.3.9
org.yaml:snakeyaml:1.28
