# This is a Gradle generated file for dependency locking.
# Manual edits can break the build and are not advised.
# This file is expected to be part of source control.
com.beust:jcommander:1.72
com.google.code.gson:gson:2.8.7
commons-io:commons-io:2.6
net.java.dev.javacc:javacc:5.0
net.sourceforge.pmd:pmd-core:6.23.0
net.sourceforge.pmd:pmd-java:6.23.0
net.sourceforge.saxon:saxon:9.1.0.8
org.antlr:antlr4-runtime:4.7
org.apache.commons:commons-lang3:3.12.0
org.ow2.asm:asm:7.3.1
